// !$*UTF8*$!
{
	archiveVersion = 1;
	classes = {
	};
	objectVersion = 46;
	objects = {

/* Begin PBXBuildFile section */
		1DD4B26C1BC8082B003A35D8 /* main.cpp in Sources */ = {isa = PBXBuildFile; fileRef = 1DD4B26B1BC8082B003A35D8 /* main.cpp */; };
		1DD4B2741BC80A6B003A35D8 /* Rational.cpp in Sources */ = {isa = PBXBuildFile; fileRef = 1DD4B2731BC80A6B003A35D8 /* Rational.cpp */; };
/* End PBXBuildFile section */

/* Begin PBXCopyFilesBuildPhase section */
		1DD4B2661BC8082B003A35D8 /* CopyFiles */ = {
			isa = PBXCopyFilesBuildPhase;
			buildActionMask = 2147483647;
			dstPath = /usr/share/man/man1/;
			dstSubfolderSpec = 0;
			files = (
			);
			runOnlyForDeploymentPostprocessing = 1;
		};
/* End PBXCopyFilesBuildPhase section */

/* Begin PBXFileReference section */
		1DD4B2681BC8082B003A35D8 /* Rational Numbers */ = {isa = PBXFileReference; explicitFileType = "compiled.mach-o.executable"; includeInIndex = 0; path = "Rational Numbers"; sourceTree = BUILT_PRODUCTS_DIR; };
		1DD4B26B1BC8082B003A35D8 /* main.cpp */ = {isa = PBXFileReference; lastKnownFileType = sourcecode.cpp.cpp; path = main.cpp; sourceTree = "<group>"; };
		1DD4B2721BC808AE003A35D8 /* Rational.h */ = {isa = PBXFileReference; lastKnownFileType = sourcecode.c.h; path = Rational.h; sourceTree = "<group>"; };
		1DD4B2731BC80A6B003A35D8 /* Rational.cpp */ = {isa = PBXFileReference; fileEncoding = 4; lastKnownFileType = sourcecode.cpp.cpp; path = Rational.cpp; sourceTree = "<group>"; };
/* End PBXFileReference section */

/* Begin PBXFrameworksBuildPhase section */
		1DD4B2651BC8082B003A35D8 /* Frameworks */ = {
			isa = PBXFrameworksBuildPhase;
			buildActionMask = 2147483647;
			files = (
			);
			runOnlyForDeploymentPostprocessing = 0;
		};
/* End PBXFrameworksBuildPhase section */

/* Begin PBXGroup section */
		1DD4B25F1BC8082B003A35D8 = {
			isa = PBXGroup;
			children = (
				1DD4B26A1BC8082B003A35D8 /* Rational Numbers */,
				1DD4B2691BC8082B003A35D8 /* Products */,
			);
			sourceTree = "<group>";
		};
		1DD4B2691BC8082B003A35D8 /* Products */ = {
			isa = PBXGroup;
			children = (
				1DD4B2681BC8082B003A35D8 /* Rational Numbers */,
			);
			name = Products;
			sourceTree = "<group>";
		};
		1DD4B26A1BC8082B003A35D8 /* Rational Numbers */ = {
			isa = PBXGroup;
			children = (
				1DD4B26B1BC8082B003A35D8 /* main.cpp */,
				1DD4B2731BC80A6B003A35D8 /* Rational.cpp */,
				1DD4B2721BC808AE003A35D8 /* Rational.h */,
			);
			path = "Rational Numbers";
			sourceTree = "<group>";
		};
/* End PBXGroup section */

/* Begin PBXNativeTarget section */
		1DD4B2671BC8082B003A35D8 /* Rational Numbers */ = {
			isa = PBXNativeTarget;
			buildConfigurationList = 1DD4B26F1BC8082B003A35D8 /* Build configuration list for PBXNativeTarget "Rational Numbers" */;
			buildPhases = (
				1DD4B2641BC8082B003A35D8 /* Sources */,
				1DD4B2651BC8082B003A35D8 /* Frameworks */,
				1DD4B2661BC8082B003A35D8 /* CopyFiles */,
			);
			buildRules = (
			);
			dependencies = (
			);
			name = "Rational Numbers";
			productName = "Rational Numbers";
			productReference = 1DD4B2681BC8082B003A35D8 /* Rational Numbers */;
			productType = "com.apple.product-type.tool";
		};
/* End PBXNativeTarget section */

/* Begin PBXProject section */
		1DD4B2601BC8082B003A35D8 /* Project object */ = {
			isa = PBXProject;
			attributes = {
				LastUpgradeCheck = 0640;
				ORGANIZATIONNAME = "Aaron Adams";
				TargetAttributes = {
					1DD4B2671BC8082B003A35D8 = {
						CreatedOnToolsVersion = 6.4;
					};
				};
			};
			buildConfigurationList = 1DD4B2631BC8082B003A35D8 /* Build configuration list for PBXProject "Rational Numbers" */;
			compatibilityVersion = "Xcode 3.2";
			developmentRegion = English;
			hasScannedForEncodings = 0;
			knownRegions = (
				en,
			);
			mainGroup = 1DD4B25F1BC8082B003A35D8;
			productRefGroup = 1DD4B2691BC8082B003A35D8 /* Products */;
			projectDirPath = "";
			projectRoot = "";
			targets = (
				1DD4B2671BC8082B003A35D8 /* Rational Numbers */,
			);
		};
/* End PBXProject section */

/* Begin PBXSourcesBuildPhase section */
		1DD4B2641BC8082B003A35D8 /* Sources */ = {
			isa = PBXSourcesBuildPhase;
			buildActionMask = 2147483647;
			files = (
				1DD4B26C1BC8082B003A35D8 /* main.cpp in Sources */,
				1DD4B2741BC80A6B003A35D8 /* Rational.cpp in Sources */,
			);
			runOnlyForDeploymentPostprocessing = 0;
		};
/* End PBXSourcesBuildPhase section */

/* Begin XCBuildConfiguration section */
		1DD4B26D1BC8082B003A35D8 /* Debug */ = {
			isa = XCBuildConfiguration;
			buildSettings = {
				ALWAYS_SEARCH_USER_PATHS = NO;
				CLANG_CXX_LANGUAGE_STANDARD = "gnu++0x";
				CLANG_CXX_LIBRARY = "libc++";
				CLANG_ENABLE_MODULES = YES;
				CLANG_ENABLE_OBJC_ARC = YES;
				CLANG_WARN_BOOL_CONVERSION = YES;
				CLANG_WARN_CONSTANT_CONVERSION = YES;
				CLANG_WARN_DIRECT_OBJC_ISA_USAGE = YES_ERROR;
				CLANG_WARN_EMPTY_BODY = YES;
				CLANG_WARN_ENUM_CONVERSION = YES;
				CLANG_WARN_INT_CONVERSION = YES;
				CLANG_WARN_OBJC_ROOT_CLASS = YES_ERROR;
				CLANG_WARN_UNREACHABLE_CODE = YES;
				CLANG_WARN__DUPLICATE_METHOD_MATCH = YES;
				COPY_PHASE_STRIP = NO;
				DEBUG_INFORMATION_FORMAT = dwarf;
				ENABLE_STRICT_OBJC_MSGSEND = YES;
				GCC_C_LANGUAGE_STANDARD = gnu99;
				GCC_DYNAMIC_NO_PIC = NO;
				GCC_NO_COMMON_BLOCKS = YES;
				GCC_OPTIMIZATION_LEVEL = 0;
				GCC_PREPROCESSOR_DEFINITIONS = (
					"DEBUG=1",
					"$(inherited)",
				);
				GCC_SYMBOLS_PRIVATE_EXTERN = NO;
				GCC_WARN_64_TO_32_BIT_CONVERSION = YES;
				GCC_WARN_ABOUT_RETURN_TYPE = YES_ERROR;
				GCC_WARN_UNDECLARED_SELECTOR = YES;
				GCC_WARN_UNINITIALIZED_AUTOS = YES_AGGRESSIVE;
				GCC_WARN_UNUSED_FUNCTION = YES;
				GCC_WARN_UNUSED_VARIABLE = YES;
				MACOSX_DEPLOYMENT_TARGET = 10.10;
				MTL_ENABLE_DEBUG_INFO = YES;
				ONLY_ACTIVE_ARCH = YES;
				SDKROOT = macosx;
			};
			name = Debug;
		};
		1DD4B26E1BC8082B003A35D8 /* Release */ = {
			isa = XCBuildConfiguration;
			buildSettings = {
				ALWAYS_SEARCH_USER_PATHS = NO;
				CLANG_CXX_LANGUAGE_STANDARD = "gnu++0x";
				CLANG_CXX_LIBRARY = "libc++";
				CLANG_ENABLE_MODULES = YES;
				CLANG_ENABLE_OBJC_ARC = YES;
				CLANG_WARN_BOOL_CONVERSION = YES;
				CLANG_WARN_CONSTANT_CONVERSION = YES;
				CLANG_WARN_DIRECT_OBJC_ISA_USAGE = YES_ERROR;
				CLANG_WARN_EMPTY_BODY = YES;
				CLANG_WARN_ENUM_CONVERSION = YES;
				CLANG_WARN_INT_CONVERSION = YES;
				CLANG_WARN_OBJC_ROOT_CLASS = YES_ERROR;
				CLANG_WARN_UNREACHABLE_CODE = YES;
				CLANG_WARN__DUPLICATE_METHOD_MATCH = YES;
				COPY_PHASE_STRIP = NO;
				DEBUG_INFORMATION_FORMAT = "dwarf-with-dsym";
				ENABLE_NS_ASSERTIONS = NO;
				ENABLE_STRICT_OBJC_MSGSEND = YES;
				GCC_C_LANGUAGE_STANDARD = gnu99;
				GCC_NO_COMMON_BLOCKS = YES;
				GCC_WARN_64_TO_32_BIT_CONVERSION = YES;
				GCC_WARN_ABOUT_RETURN_TYPE = YES_ERROR;
				GCC_WARN_UNDECLARED_SELECTOR = YES;
				GCC_WARN_UNINITIALIZED_AUTOS = YES_AGGRESSIVE;
				GCC_WARN_UNUSED_FUNCTION = YES;
				GCC_WARN_UNUSED_VARIABLE = YES;
				MACOSX_DEPLOYMENT_TARGET = 10.10;
				MTL_ENABLE_DEBUG_INFO = NO;
				SDKROOT = macosx;
			};
			name = Release;
		};
		1DD4B2701BC8082B003A35D8 /* Debug */ = {
			isa = XCBuildConfiguration;
			buildSettings = {
				PRODUCT_NAME = "$(TARGET_NAME)";
			};
			name = Debug;
		};
		1DD4B2711BC8082B003A35D8 /* Release */ = {
			isa = XCBuildConfiguration;
			buildSettings = {
				PRODUCT_NAME = "$(TARGET_NAME)";
			};
			name = Release;
		};
/* End XCBuildConfiguration section */

/* Begin XCConfigurationList section */
		1DD4B2631BC8082B003A35D8 /* Build configuration list for PBXProject "Rational Numbers" */ = {
			isa = XCConfigurationList;
			buildConfigurations = (
				1DD4B26D1BC8082B003A35D8 /* Debug */,
				1DD4B26E1BC8082B003A35D8 /* Release */,
			);
			defaultConfigurationIsVisible = 0;
			defaultConfigurationName = Release;
		};
		1DD4B26F1BC8082B003A35D8 /* Build configuration list for PBXNativeTarget "Rational Numbers" */ = {
			isa = XCConfigurationList;
			buildConfigurations = (
				1DD4B2701BC8082B003A35D8 /* Debug */,
				1DD4B2711BC8082B003A35D8 /* Release */,
			);
			defaultConfigurationIsVisible = 0;
		};
/* End XCConfigurationList section */
	};
	rootObject = 1DD4B2601BC8082B003A35D8 /* Project object */;
}
