// !$*UTF8*$!
{
	archiveVersion = 1;
	classes = {
	};
	objectVersion = 46;
	objects = {

/* Begin PBXBuildFile section */
		1DD160D51A85326D0018BE50 /* main.cpp in Sources */ = {isa = PBXBuildFile; fileRef = 1DD160D41A85326D0018BE50 /* main.cpp */; };
/* End PBXBuildFile section */

/* Begin PBXCopyFilesBuildPhase section */
		1DD160CF1A85326C0018BE50 /* CopyFiles */ = {
			isa = PBXCopyFilesBuildPhase;
			buildActionMask = 2147483647;
			dstPath = /usr/share/man/man1/;
			dstSubfolderSpec = 0;
			files = (
			);
			runOnlyForDeploymentPostprocessing = 1;
		};
/* End PBXCopyFilesBuildPhase section */

/* Begin PBXFileReference section */
		1D2583AB1ABCA29A006593E5 /* File.txt */ = {isa = PBXFileReference; fileEncoding = 4; lastKnownFileType = text; path = File.txt; sourceTree = "<group>"; };
		1D2583AC1ABCA4A9006593E5 /* bioshock.txt */ = {isa = PBXFileReference; lastKnownFileType = text; path = bioshock.txt; sourceTree = "<group>"; };
		1DD160D11A85326D0018BE50 /* Decoder */ = {isa = PBXFileReference; explicitFileType = "compiled.mach-o.executable"; includeInIndex = 0; path = Decoder; sourceTree = BUILT_PRODUCTS_DIR; };
		1DD160D41A85326D0018BE50 /* main.cpp */ = {isa = PBXFileReference; lastKnownFileType = sourcecode.cpp.cpp; path = main.cpp; sourceTree = "<group>"; };
		1DD160DB1A853AAC0018BE50 /* triviaAnswers.txt */ = {isa = PBXFileReference; fileEncoding = 4; lastKnownFileType = text; name = triviaAnswers.txt; path = Build/Files/Debug/triviaAnswers.txt; sourceTree = "<group>"; };
		1DD160E41A8543880018BE50 /* triviaQuestions.txt */ = {isa = PBXFileReference; fileEncoding = 4; lastKnownFileType = text; name = triviaQuestions.txt; path = Build/Files/Debug/triviaQuestions.txt; sourceTree = SOURCE_ROOT; };
/* End PBXFileReference section */

/* Begin PBXFrameworksBuildPhase section */
		1DD160CE1A85326C0018BE50 /* Frameworks */ = {
			isa = PBXFrameworksBuildPhase;
			buildActionMask = 2147483647;
			files = (
			);
			runOnlyForDeploymentPostprocessing = 0;
		};
/* End PBXFrameworksBuildPhase section */

/* Begin PBXGroup section */
		1DD160C81A85326C0018BE50 = {
			isa = PBXGroup;
			children = (
				1DD160D31A85326D0018BE50 /* Decoder */,
				1DD160D21A85326D0018BE50 /* Products */,
				1D2583AB1ABCA29A006593E5 /* File.txt */,
				1DD160E41A8543880018BE50 /* triviaQuestions.txt */,
				1DD160DB1A853AAC0018BE50 /* triviaAnswers.txt */,
				1D2583AC1ABCA4A9006593E5 /* bioshock.txt */,
			);
			sourceTree = "<group>";
		};
		1DD160D21A85326D0018BE50 /* Products */ = {
			isa = PBXGroup;
			children = (
				1DD160D11A85326D0018BE50 /* Decoder */,
			);
			name = Products;
			sourceTree = "<group>";
		};
		1DD160D31A85326D0018BE50 /* Decoder */ = {
			isa = PBXGroup;
			children = (
				1DD160D41A85326D0018BE50 /* main.cpp */,
			);
			path = Decoder;
			sourceTree = "<group>";
		};
/* End PBXGroup section */

/* Begin PBXNativeTarget section */
		1DD160D01A85326C0018BE50 /* Decoder */ = {
			isa = PBXNativeTarget;
			buildConfigurationList = 1DD160D81A85326D0018BE50 /* Build configuration list for PBXNativeTarget "Decoder" */;
			buildPhases = (
				1DD160CD1A85326C0018BE50 /* Sources */,
				1DD160CE1A85326C0018BE50 /* Frameworks */,
				1DD160CF1A85326C0018BE50 /* CopyFiles */,
			);
			buildRules = (
			);
			dependencies = (
			);
			name = Decoder;
			productName = Decoder;
			productReference = 1DD160D11A85326D0018BE50 /* Decoder */;
			productType = "com.apple.product-type.tool";
		};
/* End PBXNativeTarget section */

/* Begin PBXProject section */
		1DD160C91A85326C0018BE50 /* Project object */ = {
			isa = PBXProject;
			attributes = {
				LastUpgradeCheck = 0610;
				ORGANIZATIONNAME = "Aaron Adams";
				TargetAttributes = {
					1DD160D01A85326C0018BE50 = {
						CreatedOnToolsVersion = 6.1.1;
					};
				};
			};
			buildConfigurationList = 1DD160CC1A85326C0018BE50 /* Build configuration list for PBXProject "Decoder" */;
			compatibilityVersion = "Xcode 3.2";
			developmentRegion = English;
			hasScannedForEncodings = 0;
			knownRegions = (
				en,
			);
			mainGroup = 1DD160C81A85326C0018BE50;
			productRefGroup = 1DD160D21A85326D0018BE50 /* Products */;
			projectDirPath = "";
			projectRoot = "";
			targets = (
				1DD160D01A85326C0018BE50 /* Decoder */,
			);
		};
/* End PBXProject section */

/* Begin PBXSourcesBuildPhase section */
		1DD160CD1A85326C0018BE50 /* Sources */ = {
			isa = PBXSourcesBuildPhase;
			buildActionMask = 2147483647;
			files = (
				1DD160D51A85326D0018BE50 /* main.cpp in Sources */,
			);
			runOnlyForDeploymentPostprocessing = 0;
		};
/* End PBXSourcesBuildPhase section */

/* Begin XCBuildConfiguration section */
		1DD160D61A85326D0018BE50 /* Debug */ = {
			isa = XCBuildConfiguration;
			buildSettings = {
				ALWAYS_SEARCH_USER_PATHS = NO;
				CLANG_CXX_LANGUAGE_STANDARD = "gnu++0x";
				CLANG_CXX_LIBRARY = "libc++";
				CLANG_ENABLE_MODULES = YES;
				CLANG_ENABLE_OBJC_ARC = YES;
				CLANG_WARN_BOOL_CONVERSION = YES;
				CLANG_WARN_CONSTANT_CONVERSION = YES;
				CLANG_WARN_DIRECT_OBJC_ISA_USAGE = YES_ERROR;
				CLANG_WARN_EMPTY_BODY = YES;
				CLANG_WARN_ENUM_CONVERSION = YES;
				CLANG_WARN_INT_CONVERSION = YES;
				CLANG_WARN_OBJC_ROOT_CLASS = YES_ERROR;
				CLANG_WARN_UNREACHABLE_CODE = YES;
				CLANG_WARN__DUPLICATE_METHOD_MATCH = YES;
				COPY_PHASE_STRIP = NO;
				ENABLE_STRICT_OBJC_MSGSEND = YES;
				GCC_C_LANGUAGE_STANDARD = gnu99;
				GCC_DYNAMIC_NO_PIC = NO;
				GCC_OPTIMIZATION_LEVEL = 0;
				GCC_PREPROCESSOR_DEFINITIONS = (
					"DEBUG=1",
					"$(inherited)",
				);
				GCC_SYMBOLS_PRIVATE_EXTERN = NO;
				GCC_WARN_64_TO_32_BIT_CONVERSION = YES;
				GCC_WARN_ABOUT_RETURN_TYPE = YES_ERROR;
				GCC_WARN_UNDECLARED_SELECTOR = YES;
				GCC_WARN_UNINITIALIZED_AUTOS = YES_AGGRESSIVE;
				GCC_WARN_UNUSED_FUNCTION = YES;
				GCC_WARN_UNUSED_VARIABLE = YES;
				MACOSX_DEPLOYMENT_TARGET = 10.10;
				MTL_ENABLE_DEBUG_INFO = YES;
				ONLY_ACTIVE_ARCH = YES;
				SDKROOT = macosx;
			};
			name = Debug;
		};
		1DD160D71A85326D0018BE50 /* Release */ = {
			isa = XCBuildConfiguration;
			buildSettings = {
				ALWAYS_SEARCH_USER_PATHS = NO;
				CLANG_CXX_LANGUAGE_STANDARD = "gnu++0x";
				CLANG_CXX_LIBRARY = "libc++";
				CLANG_ENABLE_MODULES = YES;
				CLANG_ENABLE_OBJC_ARC = YES;
				CLANG_WARN_BOOL_CONVERSION = YES;
				CLANG_WARN_CONSTANT_CONVERSION = YES;
				CLANG_WARN_DIRECT_OBJC_ISA_USAGE = YES_ERROR;
				CLANG_WARN_EMPTY_BODY = YES;
				CLANG_WARN_ENUM_CONVERSION = YES;
				CLANG_WARN_INT_CONVERSION = YES;
				CLANG_WARN_OBJC_ROOT_CLASS = YES_ERROR;
				CLANG_WARN_UNREACHABLE_CODE = YES;
				CLANG_WARN__DUPLICATE_METHOD_MATCH = YES;
				COPY_PHASE_STRIP = YES;
				DEBUG_INFORMATION_FORMAT = "dwarf-with-dsym";
				ENABLE_NS_ASSERTIONS = NO;
				ENABLE_STRICT_OBJC_MSGSEND = YES;
				GCC_C_LANGUAGE_STANDARD = gnu99;
				GCC_WARN_64_TO_32_BIT_CONVERSION = YES;
				GCC_WARN_ABOUT_RETURN_TYPE = YES_ERROR;
				GCC_WARN_UNDECLARED_SELECTOR = YES;
				GCC_WARN_UNINITIALIZED_AUTOS = YES_AGGRESSIVE;
				GCC_WARN_UNUSED_FUNCTION = YES;
				GCC_WARN_UNUSED_VARIABLE = YES;
				MACOSX_DEPLOYMENT_TARGET = 10.10;
				MTL_ENABLE_DEBUG_INFO = NO;
				SDKROOT = macosx;
			};
			name = Release;
		};
		1DD160D91A85326D0018BE50 /* Debug */ = {
			isa = XCBuildConfiguration;
			buildSettings = {
				PRODUCT_NAME = "$(TARGET_NAME)";
			};
			name = Debug;
		};
		1DD160DA1A85326D0018BE50 /* Release */ = {
			isa = XCBuildConfiguration;
			buildSettings = {
				PRODUCT_NAME = "$(TARGET_NAME)";
			};
			name = Release;
		};
/* End XCBuildConfiguration section */

/* Begin XCConfigurationList section */
		1DD160CC1A85326C0018BE50 /* Build configuration list for PBXProject "Decoder" */ = {
			isa = XCConfigurationList;
			buildConfigurations = (
				1DD160D61A85326D0018BE50 /* Debug */,
				1DD160D71A85326D0018BE50 /* Release */,
			);
			defaultConfigurationIsVisible = 0;
			defaultConfigurationName = Release;
		};
		1DD160D81A85326D0018BE50 /* Build configuration list for PBXNativeTarget "Decoder" */ = {
			isa = XCConfigurationList;
			buildConfigurations = (
				1DD160D91A85326D0018BE50 /* Debug */,
				1DD160DA1A85326D0018BE50 /* Release */,
			);
			defaultConfigurationIsVisible = 0;
			defaultConfigurationName = Release;
		};
/* End XCConfigurationList section */
	};
	rootObject = 1DD160C91A85326C0018BE50 /* Project object */;
}
